{
  "originHash" : "65d4bffb11dcaf9772a00203b091a9df5d8ce577d18915b47414bf8a43f11553",
  "pins" : [
    {
      "identity" : "superscript-ios",
      "kind" : "remoteSourceControl",
      "location" : "https://github.com/superwall/Superscript-iOS",
      "state" : {
        "revision" : "f02ecb3129f99e6ed6ecdf8f01908444e49956a4",
        "version" : "1.0.4"
      }
    },
    {
      "identity" : "superwall-ios",
      "kind" : "remoteSourceControl",
      "location" : "https://github.com/superwall/Superwall-iOS",
      "state" : {
        "revision" : "d95fd9d64e3d3601f632f4703d2b30d088a98553",
        "version" : "4.9.2"
      }
    }
  ],
  "version" : 3
}
